{
  "version": 4,
  "terraform_version": "1.12.1",
  "serial": 6,
  "lineage": "cd9d3b78-6f47-3208-c137-9b8da176a82a",
  "outputs": {
    "app_server_id": {
      "value": "i-0619b7df15223f069",
      "type": "string"
    },
    "app_server_public_ip": {
      "value": "18.119.120.240",
      "type": "string"
    }
  },
  "resources": [
    {
      "mode": "data",
      "type": "aws_ami",
      "name": "amazon_linux_2",
      "provider": "provider[\"registry.terraform.io/hashicorp/aws\"]",
      "instances": [
        {
          "schema_version": 0,
          "attributes": {
            "architecture": "x86_64",
            "arn": "arn:aws:ec2:us-east-2::image/ami-0cff2c49485c8c428",
            "block_device_mappings": [
              {
                "device_name": "/dev/xvda",
                "ebs": {
                  "delete_on_termination": "true",
                  "encrypted": "false",
                  "iops": "0",
                  "snapshot_id": "snap-03595f0a5b5adbb40",
                  "throughput": "0",
                  "volume_initialization_rate": "0",
                  "volume_size": "8",
                  "volume_type": "gp2"
                },
                "no_device": "",
                "virtual_name": ""
              }
            ],
            "boot_mode": "",
            "creation_date": "2025-06-07T01:36:47.000Z",
            "deprecation_time": "2025-09-05T01:37:00.000Z",
            "description": "Amazon Linux 2 AMI 2.0.20250605.0 x86_64 HVM gp2",
            "ena_support": true,
            "executable_users": null,
            "filter": [
              {
                "name": "name",
                "values": [
                  "amzn2-ami-hvm-*-x86_64-gp2"
                ]
              }
            ],
            "hypervisor": "xen",
            "id": "ami-0cff2c49485c8c428",
            "image_id": "ami-0cff2c49485c8c428",
            "image_location": "amazon/amzn2-ami-hvm-2.0.20250605.0-x86_64-gp2",
            "image_owner_alias": "amazon",
            "image_type": "machine",
            "imds_support": "",
            "include_deprecated": false,
            "kernel_id": "",
            "last_launched_time": "",
            "most_recent": true,
            "name": "amzn2-ami-hvm-2.0.20250605.0-x86_64-gp2",
            "name_regex": null,
            "owner_id": "137112412989",
            "owners": [
              "amazon"
            ],
            "platform": "",
            "platform_details": "Linux/UNIX",
            "product_codes": [],
            "public": true,
            "ramdisk_id": "",
            "root_device_name": "/dev/xvda",
            "root_device_type": "ebs",
            "root_snapshot_id": "snap-03595f0a5b5adbb40",
            "sriov_net_support": "simple",
            "state": "available",
            "state_reason": {
              "code": "UNSET",
              "message": "UNSET"
            },
            "tags": {},
            "timeouts": null,
            "tpm_support": "",
            "uefi_data": null,
            "usage_operation": "RunInstances",
            "virtualization_type": "hvm"
          },
          "sensitive_attributes": [],
          "identity_schema_version": 0
        }
      ]
    },
    {
      "mode": "data",
      "type": "aws_cloudformation_stack",
      "name": "network",
      "provider": "provider[\"registry.terraform.io/hashicorp/aws\"]",
      "instances": [
        {
          "schema_version": 0,
          "attributes": {
            "capabilities": [
              "CAPABILITY_NAMED_IAM"
            ],
            "description": "Rede VPC b?sica com Sub-rede p?blica e Security Group",
            "disable_rollback": false,
            "iam_role_arn": "",
            "id": "arn:aws:cloudformation:us-east-2:653447836976:stack/network-stack/5cce0db0-4693-11f0-b87a-061a2e7ca153",
            "name": "network-stack",
            "notification_arns": [],
            "outputs": {
              "InstanceSecurityGroupId": "sg-0491c03b575521dc7",
              "PublicSubnet1Id": "subnet-042003643678e69a4",
              "VpcId": "vpc-08c5c20b261cb1915"
            },
            "parameters": {
              "EnvironmentName": "dev"
            },
            "tags": {},
            "template_body": "AWSTemplateFormatVersion: '2010-09-09'\nDescription: Rede VPC b?sica com Sub-rede p?blica e Security Group\n\nParameters:\n  EnvironmentName:\n    Type: String\n    Default: dev\n\nResources:\n  VPC:\n    Type: AWS::EC2::VPC\n    Properties:\n      CidrBlock: 10.0.0.0/16\n      Tags:\n        - Key: Name\n          Value: !Sub '${EnvironmentName}-vpc'\n\n  PublicSubnet1:\n    Type: AWS::EC2::Subnet\n    Properties:\n      VpcId: !Ref VPC\n      CidrBlock: 10.0.1.0/24\n      MapPublicIpOnLaunch: true\n      Tags:\n        - Key: Name\n          Value: !Sub '${EnvironmentName}-public-subnet-1'\n\n  InternetGateway:\n    Type: AWS::EC2::InternetGateway\n    Properties:\n      Tags:\n        - Key: Name\n          Value: !Sub '${EnvironmentName}-igw'\n\n  AttachGateway:\n    Type: AWS::EC2::VPCGatewayAttachment\n    Properties:\n      VpcId: !Ref VPC\n      InternetGatewayId: !Ref InternetGateway\n\n  PublicRouteTable:\n    Type: AWS::EC2::RouteTable\n    Properties:\n      VpcId: !Ref VPC\n      Tags:\n        - Key: Name\n          Value: !Sub '${EnvironmentName}-public-rt'\n\n  PublicRoute:\n    Type: AWS::EC2::Route\n    Properties:\n      RouteTableId: !Ref PublicRouteTable\n      DestinationCidrBlock: 0.0.0.0/0\n      GatewayId: !Ref InternetGateway\n\n  SubnetRouteTableAssociation:\n    Type: AWS::EC2::SubnetRouteTableAssociation\n    Properties:\n      SubnetId: !Ref PublicSubnet1\n      RouteTableId: !Ref PublicRouteTable\n\n  InstanceSG:\n    Type: AWS::EC2::SecurityGroup\n    Properties:\n      GroupDescription: Acesso SSH e gRPC\n      VpcId: !Ref VPC\n      SecurityGroupIngress:\n        - IpProtocol: tcp\n          FromPort: 22\n          ToPort: 22\n          CidrIp: 0.0.0.0/0\n        - IpProtocol: tcp\n          FromPort: 50051\n          ToPort: 50053\n          CidrIp: 0.0.0.0/0\n\nOutputs:\n  VpcId:\n    Description: ID da VPC\n    Value: !Ref VPC\n    Export:\n      Name: !Sub '${EnvironmentName}-VpcId'\n\n  PublicSubnet1Id:\n    Description: ID da Sub-rede P?blica\n    Value: !Ref PublicSubnet1\n    Export:\n      Name: !Sub '${EnvironmentName}-PublicSubnet1Id'\n\n  InstanceSecurityGroupId:\n    Description: Security Group ID\n    Value: !Ref InstanceSG\n    Export:\n      Name: !Sub '${EnvironmentName}-InstanceSG'",
            "timeout_in_minutes": 0
          },
          "sensitive_attributes": [],
          "identity_schema_version": 0
        }
      ]
    },
    {
      "mode": "managed",
      "type": "aws_instance",
      "name": "app_server",
      "provider": "provider[\"registry.terraform.io/hashicorp/aws\"]",
      "instances": [
        {
          "schema_version": 1,
          "attributes": {
            "ami": "ami-0cff2c49485c8c428",
            "arn": "arn:aws:ec2:us-east-2:653447836976:instance/i-0619b7df15223f069",
            "associate_public_ip_address": true,
            "availability_zone": "us-east-2a",
            "capacity_reservation_specification": [
              {
                "capacity_reservation_preference": "open",
                "capacity_reservation_target": []
              }
            ],
            "cpu_core_count": 1,
            "cpu_options": [
              {
                "amd_sev_snp": "",
                "core_count": 1,
                "threads_per_core": 2
              }
            ],
            "cpu_threads_per_core": 2,
            "credit_specification": [
              {
                "cpu_credits": "unlimited"
              }
            ],
            "disable_api_stop": false,
            "disable_api_termination": false,
            "ebs_block_device": [],
            "ebs_optimized": false,
            "enable_primary_ipv6": null,
            "enclave_options": [
              {
                "enabled": false
              }
            ],
            "ephemeral_block_device": [],
            "get_password_data": false,
            "hibernation": false,
            "host_id": "",
            "host_resource_group_arn": null,
            "iam_instance_profile": "",
            "id": "i-0619b7df15223f069",
            "instance_initiated_shutdown_behavior": "stop",
            "instance_lifecycle": "",
            "instance_market_options": [],
            "instance_state": "running",
            "instance_type": "t3.micro",
            "ipv6_address_count": 0,
            "ipv6_addresses": [],
            "key_name": "minha-chave-ec2",
            "launch_template": [],
            "maintenance_options": [
              {
                "auto_recovery": "default"
              }
            ],
            "metadata_options": [
              {
                "http_endpoint": "enabled",
                "http_protocol_ipv6": "disabled",
                "http_put_response_hop_limit": 1,
                "http_tokens": "optional",
                "instance_metadata_tags": "disabled"
              }
            ],
            "monitoring": false,
            "network_interface": [],
            "outpost_arn": "",
            "password_data": "",
            "placement_group": "",
            "placement_partition_number": 0,
            "primary_network_interface_id": "eni-02d7cc87d86327d86",
            "private_dns": "ip-10-0-1-70.us-east-2.compute.internal",
            "private_dns_name_options": [
              {
                "enable_resource_name_dns_a_record": false,
                "enable_resource_name_dns_aaaa_record": false,
                "hostname_type": "ip-name"
              }
            ],
            "private_ip": "10.0.1.70",
            "public_dns": "",
            "public_ip": "18.119.120.240",
            "root_block_device": [
              {
                "delete_on_termination": true,
                "device_name": "/dev/xvda",
                "encrypted": false,
                "iops": 100,
                "kms_key_id": "",
                "tags": {},
                "tags_all": {},
                "throughput": 0,
                "volume_id": "vol-0bb81b7f092891138",
                "volume_size": 8,
                "volume_type": "gp2"
              }
            ],
            "secondary_private_ips": [],
            "security_groups": [],
            "source_dest_check": true,
            "spot_instance_request_id": "",
            "subnet_id": "subnet-042003643678e69a4",
            "tags": {
              "Name": "app-server"
            },
            "tags_all": {
              "Name": "app-server"
            },
            "tenancy": "default",
            "timeouts": null,
            "user_data": "c8ce4afd16de6d863ede0220c6d82ba8374b060f",
            "user_data_base64": null,
            "user_data_replace_on_change": false,
            "volume_tags": null,
            "vpc_security_group_ids": [
              "sg-0491c03b575521dc7"
            ]
          },
          "sensitive_attributes": [],
          "identity_schema_version": 0,
          "private": "eyJlMmJmYjczMC1lY2FhLTExZTYtOGY4OC0zNDM2M2JjN2M0YzAiOnsiY3JlYXRlIjo2MDAwMDAwMDAwMDAsImRlbGV0ZSI6MTIwMDAwMDAwMDAwMCwicmVhZCI6OTAwMDAwMDAwMDAwLCJ1cGRhdGUiOjYwMDAwMDAwMDAwMH0sInNjaGVtYV92ZXJzaW9uIjoiMSJ9",
          "dependencies": [
            "data.aws_ami.amazon_linux_2",
            "data.aws_cloudformation_stack.network"
          ]
        }
      ]
    }
  ],
  "check_results": null
}
